
Microsoft Visual Studio Solution File, Format Version 12.00
# Visual Studio Version 16
VisualStudioVersion = 16.0.30320.27
MinimumVisualStudioVersion = 10.0.40219.1
Project("{FAE04EC0-301F-11D3-BF4B-00C04F79EFBC}") = "WebEx", "WebEx\WebEx.csproj", "{A7473319-2681-4070-84E5-E41EDA5D9E84}"
EndProject
Global
	GlobalSection(SolutionConfigurationPlatforms) = preSolution
		Debug|Any CPU = Debug|Any CPU
		Release|Any CPU = Release|Any CPU
	EndGlobalSection
	GlobalSection(ProjectConfigurationPlatforms) = postSolution
		{A7473319-2681-4070-84E5-E41EDA5D9E84}.Debug|Any CPU.ActiveCfg = Debug|Any CPU
		{A7473319-2681-4070-84E5-E41EDA5D9E84}.Debug|Any CPU.Build.0 = Debug|Any CPU
		{A7473319-2681-4070-84E5-E41EDA5D9E84}.Release|Any CPU.ActiveCfg = Release|Any CPU
		{A7473319-2681-4070-84E5-E41EDA5D9E84}.Release|Any CPU.Build.0 = Release|Any CPU
	EndGlobalSection
	GlobalSection(SolutionProperties) = preSolution
		HideSolutionNode = FALSE
	EndGlobalSection
	GlobalSection(ExtensibilityGlobals) = postSolution
		SolutionGuid = {08024C97-F46F-4C64-B850-0571C95785A2}
	EndGlobalSection
EndGlobal
